// !$*UTF8*$!
{
	archiveVersion = 1;
	classes = {
	};
	objectVersion = 46;
	objects = {

/* Begin PBXBuildFile section */
		17BD6A4AB1520D6F28879A50 /* Pods_TutorMe.framework in Frameworks */ = {isa = PBXBuildFile; fileRef = FB384A3C0BC7CE18D6035131 /* Pods_TutorMe.framework */; };
		2B02025C1D10CD9E00047AEC /* blackboard3.jpg in Resources */ = {isa = PBXBuildFile; fileRef = 2B02025B1D10CD9E00047AEC /* blackboard3.jpg */; };
		2B02025E1D10CE7000047AEC /* logOut.png in Resources */ = {isa = PBXBuildFile; fileRef = 2B02025D1D10CE7000047AEC /* logOut.png */; };
		2B076B3C1C858B7F001BCB17 /* SwiftyJSON.swift in Sources */ = {isa = PBXBuildFile; fileRef = 2B076B391C858B7F001BCB17 /* SwiftyJSON.swift */; };
		2B07FB311C8E1BCE006077ED /* TutorViewController.swift in Sources */ = {isa = PBXBuildFile; fileRef = 2B07FB301C8E1BCE006077ED /* TutorViewController.swift */; };
		2B07FB331C8EA42F006077ED /* TuteeViewController.swift in Sources */ = {isa = PBXBuildFile; fileRef = 2B07FB321C8EA42F006077ED /* TuteeViewController.swift */; };
		2B0B7D1A1C92B27B00BB2BCC /* signUpController.swift in Sources */ = {isa = PBXBuildFile; fileRef = 2B0B7D191C92B27B00BB2BCC /* signUpController.swift */; };
		2B0EBFED1C84E38500243EC6 /* AppDelegate.swift in Sources */ = {isa = PBXBuildFile; fileRef = 2B0EBFEC1C84E38500243EC6 /* AppDelegate.swift */; };
		2B0EBFEF1C84E38500243EC6 /* ViewController.swift in Sources */ = {isa = PBXBuildFile; fileRef = 2B0EBFEE1C84E38500243EC6 /* ViewController.swift */; };
		2B0EBFF21C84E38500243EC6 /* Main.storyboard in Resources */ = {isa = PBXBuildFile; fileRef = 2B0EBFF01C84E38500243EC6 /* Main.storyboard */; };
		2B0EBFF41C84E38500243EC6 /* Assets.xcassets in Resources */ = {isa = PBXBuildFile; fileRef = 2B0EBFF31C84E38500243EC6 /* Assets.xcassets */; };
		2B0EBFF71C84E38500243EC6 /* LaunchScreen.storyboard in Resources */ = {isa = PBXBuildFile; fileRef = 2B0EBFF51C84E38500243EC6 /* LaunchScreen.storyboard */; };
		2B0EC0021C84E38500243EC6 /* TutorMeTests.swift in Sources */ = {isa = PBXBuildFile; fileRef = 2B0EC0011C84E38500243EC6 /* TutorMeTests.swift */; };
		2B0EC00D1C84E38500243EC6 /* TutorMeUITests.swift in Sources */ = {isa = PBXBuildFile; fileRef = 2B0EC00C1C84E38500243EC6 /* TutorMeUITests.swift */; };
		2B2CBB431D091155002EB522 /* back.jpg in Resources */ = {isa = PBXBuildFile; fileRef = 2B2CBB421D091155002EB522 /* back.jpg */; };
		2B4A65241D0AA50D002D1543 /* GoogleService-Info.plist in Resources */ = {isa = PBXBuildFile; fileRef = 2B4A65231D0AA50D002D1543 /* GoogleService-Info.plist */; };
		2B7C3E5C1C8EACFF00806E77 /* defaultUser.png in Resources */ = {isa = PBXBuildFile; fileRef = 2B7C3E5B1C8EACFF00806E77 /* defaultUser.png */; };
		2B821F431CF15AB900D88025 /* logo.png in Resources */ = {isa = PBXBuildFile; fileRef = 2B821F421CF15AB900D88025 /* logo.png */; };
		2B9EAF731CE04B0700E7B0C9 /* SearchViewController.swift in Sources */ = {isa = PBXBuildFile; fileRef = 2B9EAF721CE04B0700E7B0C9 /* SearchViewController.swift */; };
		2BC866761CE2EBF500054843 /* mySessionsViewController.swift in Sources */ = {isa = PBXBuildFile; fileRef = 2BC866751CE2EBF500054843 /* mySessionsViewController.swift */; };
		2BC866781CE3DC7A00054843 /* TutorCalendarViewController.swift in Sources */ = {isa = PBXBuildFile; fileRef = 2BC866771CE3DC7A00054843 /* TutorCalendarViewController.swift */; };
		2BFC31821CE50E4A00581385 /* TJTextField.swift in Sources */ = {isa = PBXBuildFile; fileRef = 2BFC31811CE50E4A00581385 /* TJTextField.swift */; };
		2BFC31841CE5170D00581385 /* background.png in Resources */ = {isa = PBXBuildFile; fileRef = 2BFC31831CE5170D00581385 /* background.png */; };
		2BFC318A1CE518E700581385 /* Profile.png in Resources */ = {isa = PBXBuildFile; fileRef = 2BFC31891CE518E700581385 /* Profile.png */; };
		2BFC318C1CE5219300581385 /* add.png in Resources */ = {isa = PBXBuildFile; fileRef = 2BFC318B1CE5219300581385 /* add.png */; };
		2BFC318E1CE52DF000581385 /* addSessionViewController.swift in Sources */ = {isa = PBXBuildFile; fileRef = 2BFC318D1CE52DF000581385 /* addSessionViewController.swift */; };
		2BFEBF5B1CA1C88D004943CF /* Global.swift in Sources */ = {isa = PBXBuildFile; fileRef = 2BFEBF5A1CA1C88D004943CF /* Global.swift */; };
		2BFEBFA11CA24E8C004943CF /* CalendarTutorViewController.swift in Sources */ = {isa = PBXBuildFile; fileRef = 2BFEBFA01CA24E8C004943CF /* CalendarTutorViewController.swift */; };
		2BFEC0151CA3CBC5004943CF /* signout.png in Resources */ = {isa = PBXBuildFile; fileRef = 2BFEC0141CA3CBC5004943CF /* signout.png */; };
		2BFEC0171CA3CBD4004943CF /* signin.png in Resources */ = {isa = PBXBuildFile; fileRef = 2BFEC0161CA3CBD4004943CF /* signin.png */; };
		2BFEC0191CA3CBE7004943CF /* signup.png in Resources */ = {isa = PBXBuildFile; fileRef = 2BFEC0181CA3CBE7004943CF /* signup.png */; };
		4875E7A38AEBAE8386864C6E /* Pods_TutorMeUITests.framework in Frameworks */ = {isa = PBXBuildFile; fileRef = 4C2F6CBE240E63E3973A3FCC /* Pods_TutorMeUITests.framework */; };
		FD572969DC53DD5C06992885 /* Pods_TutorMeTests.framework in Frameworks */ = {isa = PBXBuildFile; fileRef = 9D4E73224693F15E3D633380 /* Pods_TutorMeTests.framework */; };
/* End PBXBuildFile section */

/* Begin PBXContainerItemProxy section */
		2B0EBFFE1C84E38500243EC6 /* PBXContainerItemProxy */ = {
			isa = PBXContainerItemProxy;
			containerPortal = 2B0EBFE11C84E38500243EC6 /* Project object */;
			proxyType = 1;
			remoteGlobalIDString = 2B0EBFE81C84E38500243EC6;
			remoteInfo = TutorMe;
		};
		2B0EC0091C84E38500243EC6 /* PBXContainerItemProxy */ = {
			isa = PBXContainerItemProxy;
			containerPortal = 2B0EBFE11C84E38500243EC6 /* Project object */;
			proxyType = 1;
			remoteGlobalIDString = 2B0EBFE81C84E38500243EC6;
			remoteInfo = TutorMe;
		};
/* End PBXContainerItemProxy section */

/* Begin PBXFileReference section */
		043ADB85F6939BA711176077 /* Pods-TutorMeTests.release.xcconfig */ = {isa = PBXFileReference; includeInIndex = 1; lastKnownFileType = text.xcconfig; name = "Pods-TutorMeTests.release.xcconfig"; path = "Pods/Target Support Files/Pods-TutorMeTests/Pods-TutorMeTests.release.xcconfig"; sourceTree = "<group>"; };
		2B02025B1D10CD9E00047AEC /* blackboard3.jpg */ = {isa = PBXFileReference; lastKnownFileType = image.jpeg; path = blackboard3.jpg; sourceTree = "<group>"; };
		2B02025D1D10CE7000047AEC /* logOut.png */ = {isa = PBXFileReference; lastKnownFileType = image.png; path = logOut.png; sourceTree = "<group>"; };
		2B076B391C858B7F001BCB17 /* SwiftyJSON.swift */ = {isa = PBXFileReference; fileEncoding = 4; lastKnownFileType = sourcecode.swift; path = SwiftyJSON.swift; sourceTree = "<group>"; };
		2B07FB301C8E1BCE006077ED /* TutorViewController.swift */ = {isa = PBXFileReference; fileEncoding = 4; lastKnownFileType = sourcecode.swift; path = TutorViewController.swift; sourceTree = "<group>"; };
		2B07FB321C8EA42F006077ED /* TuteeViewController.swift */ = {isa = PBXFileReference; fileEncoding = 4; lastKnownFileType = sourcecode.swift; path = TuteeViewController.swift; sourceTree = "<group>"; };
		2B0B7D191C92B27B00BB2BCC /* signUpController.swift */ = {isa = PBXFileReference; fileEncoding = 4; lastKnownFileType = sourcecode.swift; path = signUpController.swift; sourceTree = "<group>"; };
		2B0EBFE91C84E38500243EC6 /* TutorMe.app */ = {isa = PBXFileReference; explicitFileType = wrapper.application; includeInIndex = 0; path = TutorMe.app; sourceTree = BUILT_PRODUCTS_DIR; };
		2B0EBFEC1C84E38500243EC6 /* AppDelegate.swift */ = {isa = PBXFileReference; lastKnownFileType = sourcecode.swift; path = AppDelegate.swift; sourceTree = "<group>"; };
		2B0EBFEE1C84E38500243EC6 /* ViewController.swift */ = {isa = PBXFileReference; lastKnownFileType = sourcecode.swift; path = ViewController.swift; sourceTree = "<group>"; };
		2B0EBFF11C84E38500243EC6 /* Base */ = {isa = PBXFileReference; lastKnownFileType = file.storyboard; name = Base; path = Base.lproj/Main.storyboard; sourceTree = "<group>"; };
		2B0EBFF31C84E38500243EC6 /* Assets.xcassets */ = {isa = PBXFileReference; lastKnownFileType = folder.assetcatalog; path = Assets.xcassets; sourceTree = "<group>"; };
		2B0EBFF61C84E38500243EC6 /* Base */ = {isa = PBXFileReference; lastKnownFileType = file.storyboard; name = Base; path = Base.lproj/LaunchScreen.storyboard; sourceTree = "<group>"; };
		2B0EBFF81C84E38500243EC6 /* Info.plist */ = {isa = PBXFileReference; lastKnownFileType = text.plist.xml; path = Info.plist; sourceTree = "<group>"; };
		2B0EBFFD1C84E38500243EC6 /* TutorMeTests.xctest */ = {isa = PBXFileReference; explicitFileType = wrapper.cfbundle; includeInIndex = 0; path = TutorMeTests.xctest; sourceTree = BUILT_PRODUCTS_DIR; };
		2B0EC0011C84E38500243EC6 /* TutorMeTests.swift */ = {isa = PBXFileReference; lastKnownFileType = sourcecode.swift; path = TutorMeTests.swift; sourceTree = "<group>"; };
		2B0EC0031C84E38500243EC6 /* Info.plist */ = {isa = PBXFileReference; lastKnownFileType = text.plist.xml; path = Info.plist; sourceTree = "<group>"; };
		2B0EC0081C84E38500243EC6 /* TutorMeUITests.xctest */ = {isa = PBXFileReference; explicitFileType = wrapper.cfbundle; includeInIndex = 0; path = TutorMeUITests.xctest; sourceTree = BUILT_PRODUCTS_DIR; };
		2B0EC00C1C84E38500243EC6 /* TutorMeUITests.swift */ = {isa = PBXFileReference; lastKnownFileType = sourcecode.swift; path = TutorMeUITests.swift; sourceTree = "<group>"; };
		2B0EC00E1C84E38500243EC6 /* Info.plist */ = {isa = PBXFileReference; lastKnownFileType = text.plist.xml; path = Info.plist; sourceTree = "<group>"; };
		2B2CBB421D091155002EB522 /* back.jpg */ = {isa = PBXFileReference; lastKnownFileType = image.jpeg; name = back.jpg; path = ../../back.jpg; sourceTree = "<group>"; };
		2B4A65231D0AA50D002D1543 /* GoogleService-Info.plist */ = {isa = PBXFileReference; fileEncoding = 4; lastKnownFileType = text.plist.xml; path = "GoogleService-Info.plist"; sourceTree = "<group>"; };
		2B7C3E5B1C8EACFF00806E77 /* defaultUser.png */ = {isa = PBXFileReference; lastKnownFileType = image.png; path = defaultUser.png; sourceTree = "<group>"; };
		2B821F421CF15AB900D88025 /* logo.png */ = {isa = PBXFileReference; lastKnownFileType = image.png; path = logo.png; sourceTree = "<group>"; };
		2B9EAF721CE04B0700E7B0C9 /* SearchViewController.swift */ = {isa = PBXFileReference; fileEncoding = 4; lastKnownFileType = sourcecode.swift; name = SearchViewController.swift; path = ../SearchViewController.swift; sourceTree = "<group>"; };
		2BC866751CE2EBF500054843 /* mySessionsViewController.swift */ = {isa = PBXFileReference; fileEncoding = 4; lastKnownFileType = sourcecode.swift; name = mySessionsViewController.swift; path = ../mySessionsViewController.swift; sourceTree = "<group>"; };
		2BC866771CE3DC7A00054843 /* TutorCalendarViewController.swift */ = {isa = PBXFileReference; fileEncoding = 4; lastKnownFileType = sourcecode.swift; path = TutorCalendarViewController.swift; sourceTree = "<group>"; };
		2BFC31811CE50E4A00581385 /* TJTextField.swift */ = {isa = PBXFileReference; fileEncoding = 4; lastKnownFileType = sourcecode.swift; path = TJTextField.swift; sourceTree = "<group>"; };
		2BFC31831CE5170D00581385 /* background.png */ = {isa = PBXFileReference; lastKnownFileType = image.png; path = background.png; sourceTree = "<group>"; };
		2BFC31891CE518E700581385 /* Profile.png */ = {isa = PBXFileReference; lastKnownFileType = image.png; path = Profile.png; sourceTree = "<group>"; };
		2BFC318B1CE5219300581385 /* add.png */ = {isa = PBXFileReference; lastKnownFileType = image.png; path = add.png; sourceTree = "<group>"; };
		2BFC318D1CE52DF000581385 /* addSessionViewController.swift */ = {isa = PBXFileReference; fileEncoding = 4; lastKnownFileType = sourcecode.swift; path = addSessionViewController.swift; sourceTree = "<group>"; };
		2BFEBF5A1CA1C88D004943CF /* Global.swift */ = {isa = PBXFileReference; fileEncoding = 4; lastKnownFileType = sourcecode.swift; path = Global.swift; sourceTree = "<group>"; };
		2BFEBF5D1CA24763004943CF /* TutorMe-Bridging-Header.h */ = {isa = PBXFileReference; lastKnownFileType = sourcecode.c.h; path = "TutorMe-Bridging-Header.h"; sourceTree = "<group>"; };
		2BFEBFA01CA24E8C004943CF /* CalendarTutorViewController.swift */ = {isa = PBXFileReference; fileEncoding = 4; lastKnownFileType = sourcecode.swift; path = CalendarTutorViewController.swift; sourceTree = "<group>"; };
		2BFEC0141CA3CBC5004943CF /* signout.png */ = {isa = PBXFileReference; lastKnownFileType = image.png; path = signout.png; sourceTree = "<group>"; };
		2BFEC0161CA3CBD4004943CF /* signin.png */ = {isa = PBXFileReference; lastKnownFileType = image.png; path = signin.png; sourceTree = "<group>"; };
		2BFEC0181CA3CBE7004943CF /* signup.png */ = {isa = PBXFileReference; lastKnownFileType = image.png; path = signup.png; sourceTree = "<group>"; };
		4C2F6CBE240E63E3973A3FCC /* Pods_TutorMeUITests.framework */ = {isa = PBXFileReference; explicitFileType = wrapper.framework; includeInIndex = 0; path = Pods_TutorMeUITests.framework; sourceTree = BUILT_PRODUCTS_DIR; };
		508EF03078BE43EC59EAF54F /* Pods-TutorMe.release.xcconfig */ = {isa = PBXFileReference; includeInIndex = 1; lastKnownFileType = text.xcconfig; name = "Pods-TutorMe.release.xcconfig"; path = "Pods/Target Support Files/Pods-TutorMe/Pods-TutorMe.release.xcconfig"; sourceTree = "<group>"; };
		7D76E004FAF6C46AFDA06E1A /* Pods-TutorMeUITests.release.xcconfig */ = {isa = PBXFileReference; includeInIndex = 1; lastKnownFileType = text.xcconfig; name = "Pods-TutorMeUITests.release.xcconfig"; path = "Pods/Target Support Files/Pods-TutorMeUITests/Pods-TutorMeUITests.release.xcconfig"; sourceTree = "<group>"; };
		9D4E73224693F15E3D633380 /* Pods_TutorMeTests.framework */ = {isa = PBXFileReference; explicitFileType = wrapper.framework; includeInIndex = 0; path = Pods_TutorMeTests.framework; sourceTree = BUILT_PRODUCTS_DIR; };
		9E49615AE270E7512DEFAE38 /* Pods-TutorMeUITests.debug.xcconfig */ = {isa = PBXFileReference; includeInIndex = 1; lastKnownFileType = text.xcconfig; name = "Pods-TutorMeUITests.debug.xcconfig"; path = "Pods/Target Support Files/Pods-TutorMeUITests/Pods-TutorMeUITests.debug.xcconfig"; sourceTree = "<group>"; };
		E7F4B8F901CFD31401352490 /* Pods-TutorMe.debug.xcconfig */ = {isa = PBXFileReference; includeInIndex = 1; lastKnownFileType = text.xcconfig; name = "Pods-TutorMe.debug.xcconfig"; path = "Pods/Target Support Files/Pods-TutorMe/Pods-TutorMe.debug.xcconfig"; sourceTree = "<group>"; };
		F7E209FBA6C713831B1DDE98 /* Pods-TutorMeTests.debug.xcconfig */ = {isa = PBXFileReference; includeInIndex = 1; lastKnownFileType = text.xcconfig; name = "Pods-TutorMeTests.debug.xcconfig"; path = "Pods/Target Support Files/Pods-TutorMeTests/Pods-TutorMeTests.debug.xcconfig"; sourceTree = "<group>"; };
		FB384A3C0BC7CE18D6035131 /* Pods_TutorMe.framework */ = {isa = PBXFileReference; explicitFileType = wrapper.framework; includeInIndex = 0; path = Pods_TutorMe.framework; sourceTree = BUILT_PRODUCTS_DIR; };
/* End PBXFileReference section */

/* Begin PBXFrameworksBuildPhase section */
		2B0EBFE61C84E38500243EC6 /* Frameworks */ = {
			isa = PBXFrameworksBuildPhase;
			buildActionMask = 2147483647;
			files = (
				17BD6A4AB1520D6F28879A50 /* Pods_TutorMe.framework in Frameworks */,
			);
			runOnlyForDeploymentPostprocessing = 0;
		};
		2B0EBFFA1C84E38500243EC6 /* Frameworks */ = {
			isa = PBXFrameworksBuildPhase;
			buildActionMask = 2147483647;
			files = (
				FD572969DC53DD5C06992885 /* Pods_TutorMeTests.framework in Frameworks */,
			);
			runOnlyForDeploymentPostprocessing = 0;
		};
		2B0EC0051C84E38500243EC6 /* Frameworks */ = {
			isa = PBXFrameworksBuildPhase;
			buildActionMask = 2147483647;
			files = (
				4875E7A38AEBAE8386864C6E /* Pods_TutorMeUITests.framework in Frameworks */,
			);
			runOnlyForDeploymentPostprocessing = 0;
		};
/* End PBXFrameworksBuildPhase section */

/* Begin PBXGroup section */
		2B0EBFE01C84E38500243EC6 = {
			isa = PBXGroup;
			children = (
				2B7C3E5B1C8EACFF00806E77 /* defaultUser.png */,
				2BFEC0141CA3CBC5004943CF /* signout.png */,
				2BFEC0161CA3CBD4004943CF /* signin.png */,
				2BFEC0181CA3CBE7004943CF /* signup.png */,
				2B821F421CF15AB900D88025 /* logo.png */,
				2B02025B1D10CD9E00047AEC /* blackboard3.jpg */,
				2B2CBB421D091155002EB522 /* back.jpg */,
				2B02025D1D10CE7000047AEC /* logOut.png */,
				2B0EBFEB1C84E38500243EC6 /* TutorMe */,
				2B0EC0001C84E38500243EC6 /* TutorMeTests */,
				2B0EC00B1C84E38500243EC6 /* TutorMeUITests */,
				2B0EBFEA1C84E38500243EC6 /* Products */,
				FF1F01FBC9BC4063E2EA1A7C /* Pods */,
				F2420FE7F78858B9CCEFACAB /* Frameworks */,
			);
			sourceTree = "<group>";
		};
		2B0EBFEA1C84E38500243EC6 /* Products */ = {
			isa = PBXGroup;
			children = (
				2B0EBFE91C84E38500243EC6 /* TutorMe.app */,
				2B0EBFFD1C84E38500243EC6 /* TutorMeTests.xctest */,
				2B0EC0081C84E38500243EC6 /* TutorMeUITests.xctest */,
			);
			name = Products;
			sourceTree = "<group>";
		};
		2B0EBFEB1C84E38500243EC6 /* TutorMe */ = {
			isa = PBXGroup;
			children = (
				2BFC31831CE5170D00581385 /* background.png */,
				2BFC31891CE518E700581385 /* Profile.png */,
				2BFC318B1CE5219300581385 /* add.png */,
				2BFEBFA01CA24E8C004943CF /* CalendarTutorViewController.swift */,
				2BFC318D1CE52DF000581385 /* addSessionViewController.swift */,
				2BC866751CE2EBF500054843 /* mySessionsViewController.swift */,
				2BC866771CE3DC7A00054843 /* TutorCalendarViewController.swift */,
				2BFEBF5A1CA1C88D004943CF /* Global.swift */,
				2B0EBFEC1C84E38500243EC6 /* AppDelegate.swift */,
				2B0EBFEE1C84E38500243EC6 /* ViewController.swift */,
				2BFC31811CE50E4A00581385 /* TJTextField.swift */,
				2B07FB301C8E1BCE006077ED /* TutorViewController.swift */,
				2B9EAF721CE04B0700E7B0C9 /* SearchViewController.swift */,
				2B0B7D191C92B27B00BB2BCC /* signUpController.swift */,
				2B076B391C858B7F001BCB17 /* SwiftyJSON.swift */,
				2B07FB321C8EA42F006077ED /* TuteeViewController.swift */,
				2B0EBFF01C84E38500243EC6 /* Main.storyboard */,
				2B0EBFF31C84E38500243EC6 /* Assets.xcassets */,
				2B0EBFF51C84E38500243EC6 /* LaunchScreen.storyboard */,
				2B0EBFF81C84E38500243EC6 /* Info.plist */,
				2B4A65231D0AA50D002D1543 /* GoogleService-Info.plist */,
				2BFEBF5D1CA24763004943CF /* TutorMe-Bridging-Header.h */,
			);
			path = TutorMe;
			sourceTree = "<group>";
		};
		2B0EC0001C84E38500243EC6 /* TutorMeTests */ = {
			isa = PBXGroup;
			children = (
				2B0EC0011C84E38500243EC6 /* TutorMeTests.swift */,
				2B0EC0031C84E38500243EC6 /* Info.plist */,
			);
			path = TutorMeTests;
			sourceTree = "<group>";
		};
		2B0EC00B1C84E38500243EC6 /* TutorMeUITests */ = {
			isa = PBXGroup;
			children = (
				2B0EC00C1C84E38500243EC6 /* TutorMeUITests.swift */,
				2B0EC00E1C84E38500243EC6 /* Info.plist */,
			);
			path = TutorMeUITests;
			sourceTree = "<group>";
		};
		F2420FE7F78858B9CCEFACAB /* Frameworks */ = {
			isa = PBXGroup;
			children = (
				FB384A3C0BC7CE18D6035131 /* Pods_TutorMe.framework */,
				9D4E73224693F15E3D633380 /* Pods_TutorMeTests.framework */,
				4C2F6CBE240E63E3973A3FCC /* Pods_TutorMeUITests.framework */,
			);
			name = Frameworks;
			sourceTree = "<group>";
		};
		FF1F01FBC9BC4063E2EA1A7C /* Pods */ = {
			isa = PBXGroup;
			children = (
				E7F4B8F901CFD31401352490 /* Pods-TutorMe.debug.xcconfig */,
				508EF03078BE43EC59EAF54F /* Pods-TutorMe.release.xcconfig */,
				F7E209FBA6C713831B1DDE98 /* Pods-TutorMeTests.debug.xcconfig */,
				043ADB85F6939BA711176077 /* Pods-TutorMeTests.release.xcconfig */,
				9E49615AE270E7512DEFAE38 /* Pods-TutorMeUITests.debug.xcconfig */,
				7D76E004FAF6C46AFDA06E1A /* Pods-TutorMeUITests.release.xcconfig */,
			);
			name = Pods;
			sourceTree = "<group>";
		};
/* End PBXGroup section */

/* Begin PBXNativeTarget section */
		2B0EBFE81C84E38500243EC6 /* TutorMe */ = {
			isa = PBXNativeTarget;
			buildConfigurationList = 2B0EC0111C84E38500243EC6 /* Build configuration list for PBXNativeTarget "TutorMe" */;
			buildPhases = (
				9BAFE66B4B567E397294C91C /* 📦 Check Pods Manifest.lock */,
				2B0EBFE51C84E38500243EC6 /* Sources */,
				2B0EBFE61C84E38500243EC6 /* Frameworks */,
				2B0EBFE71C84E38500243EC6 /* Resources */,
				A4F2673867C4D33A65F2C855 /* 📦 Embed Pods Frameworks */,
				99F1284AE7D11D75BADAC2E6 /* 📦 Copy Pods Resources */,
			);
			buildRules = (
			);
			dependencies = (
			);
			name = TutorMe;
			productName = TutorMe;
			productReference = 2B0EBFE91C84E38500243EC6 /* TutorMe.app */;
			productType = "com.apple.product-type.application";
		};
		2B0EBFFC1C84E38500243EC6 /* TutorMeTests */ = {
			isa = PBXNativeTarget;
			buildConfigurationList = 2B0EC0141C84E38500243EC6 /* Build configuration list for PBXNativeTarget "TutorMeTests" */;
			buildPhases = (
				499886400E260B067D0944E5 /* 📦 Check Pods Manifest.lock */,
				2B0EBFF91C84E38500243EC6 /* Sources */,
				2B0EBFFA1C84E38500243EC6 /* Frameworks */,
				2B0EBFFB1C84E38500243EC6 /* Resources */,
				5BFE62F80471ED14271DD65A /* 📦 Embed Pods Frameworks */,
				99E49DE7982C243DE5295B1D /* 📦 Copy Pods Resources */,
			);
			buildRules = (
			);
			dependencies = (
				2B0EBFFF1C84E38500243EC6 /* PBXTargetDependency */,
			);
			name = TutorMeTests;
			productName = TutorMeTests;
			productReference = 2B0EBFFD1C84E38500243EC6 /* TutorMeTests.xctest */;
			productType = "com.apple.product-type.bundle.unit-test";
		};
		2B0EC0071C84E38500243EC6 /* TutorMeUITests */ = {
			isa = PBXNativeTarget;
			buildConfigurationList = 2B0EC0171C84E38500243EC6 /* Build configuration list for PBXNativeTarget "TutorMeUITests" */;
			buildPhases = (
				95CDD195CB230A388CC228DD /* 📦 Check Pods Manifest.lock */,
				2B0EC0041C84E38500243EC6 /* Sources */,
				2B0EC0051C84E38500243EC6 /* Frameworks */,
				2B0EC0061C84E38500243EC6 /* Resources */,
				8F82ABFF9611E28A4601195B /* 📦 Copy Pods Resources */,
			);
			buildRules = (
			);
			dependencies = (
				2B0EC00A1C84E38500243EC6 /* PBXTargetDependency */,
			);
			name = TutorMeUITests;
			productName = TutorMeUITests;
			productReference = 2B0EC0081C84E38500243EC6 /* TutorMeUITests.xctest */;
			productType = "com.apple.product-type.bundle.ui-testing";
		};
/* End PBXNativeTarget section */

/* Begin PBXProject section */
		2B0EBFE11C84E38500243EC6 /* Project object */ = {
			isa = PBXProject;
			attributes = {
				KnownAssetTags = (
					sign,
					signIn,
				);
				LastSwiftUpdateCheck = 0720;
				LastUpgradeCheck = 0710;
				ORGANIZATIONNAME = "Moises Lizama";
				TargetAttributes = {
					2B0EBFE81C84E38500243EC6 = {
						CreatedOnToolsVersion = 7.1;
						DevelopmentTeam = 27P7R227R5;
					};
					2B0EBFFC1C84E38500243EC6 = {
						CreatedOnToolsVersion = 7.1;
						DevelopmentTeam = 27P7R227R5;
						TestTargetID = 2B0EBFE81C84E38500243EC6;
					};
					2B0EC0071C84E38500243EC6 = {
						CreatedOnToolsVersion = 7.1;
						DevelopmentTeam = 27P7R227R5;
						TestTargetID = 2B0EBFE81C84E38500243EC6;
					};
				};
			};
			buildConfigurationList = 2B0EBFE41C84E38500243EC6 /* Build configuration list for PBXProject "TutorMe" */;
			compatibilityVersion = "Xcode 3.2";
			developmentRegion = English;
			hasScannedForEncodings = 0;
			knownRegions = (
				en,
				Base,
			);
			mainGroup = 2B0EBFE01C84E38500243EC6;
			productRefGroup = 2B0EBFEA1C84E38500243EC6 /* Products */;
			projectDirPath = "";
			projectRoot = "";
			targets = (
				2B0EBFE81C84E38500243EC6 /* TutorMe */,
				2B0EBFFC1C84E38500243EC6 /* TutorMeTests */,
				2B0EC0071C84E38500243EC6 /* TutorMeUITests */,
			);
		};
/* End PBXProject section */

/* Begin PBXResourcesBuildPhase section */
		2B0EBFE71C84E38500243EC6 /* Resources */ = {
			isa = PBXResourcesBuildPhase;
			buildActionMask = 2147483647;
			files = (
				2BFEC0171CA3CBD4004943CF /* signin.png in Resources */,
				2BFC31841CE5170D00581385 /* background.png in Resources */,
				2B02025E1D10CE7000047AEC /* logOut.png in Resources */,
				2BFEC0191CA3CBE7004943CF /* signup.png in Resources */,
				2B02025C1D10CD9E00047AEC /* blackboard3.jpg in Resources */,
				2BFC318A1CE518E700581385 /* Profile.png in Resources */,
				2B7C3E5C1C8EACFF00806E77 /* defaultUser.png in Resources */,
				2B0EBFF71C84E38500243EC6 /* LaunchScreen.storyboard in Resources */,
				2B0EBFF41C84E38500243EC6 /* Assets.xcassets in Resources */,
				2B4A65241D0AA50D002D1543 /* GoogleService-Info.plist in Resources */,
				2BFEC0151CA3CBC5004943CF /* signout.png in Resources */,
				2B0EBFF21C84E38500243EC6 /* Main.storyboard in Resources */,
				2BFC318C1CE5219300581385 /* add.png in Resources */,
				2B2CBB431D091155002EB522 /* back.jpg in Resources */,
				2B821F431CF15AB900D88025 /* logo.png in Resources */,
			);
			runOnlyForDeploymentPostprocessing = 0;
		};
		2B0EBFFB1C84E38500243EC6 /* Resources */ = {
			isa = PBXResourcesBuildPhase;
			buildActionMask = 2147483647;
			files = (
			);
			runOnlyForDeploymentPostprocessing = 0;
		};
		2B0EC0061C84E38500243EC6 /* Resources */ = {
			isa = PBXResourcesBuildPhase;
			buildActionMask = 2147483647;
			files = (
			);
			runOnlyForDeploymentPostprocessing = 0;
		};
/* End PBXResourcesBuildPhase section */

/* Begin PBXShellScriptBuildPhase section */
		499886400E260B067D0944E5 /* 📦 Check Pods Manifest.lock */ = {
			isa = PBXShellScriptBuildPhase;
			buildActionMask = 2147483647;
			files = (
			);
			inputPaths = (
			);
			name = "📦 Check Pods Manifest.lock";
			outputPaths = (
			);
			runOnlyForDeploymentPostprocessing = 0;
			shellPath = /bin/sh;
			shellScript = "diff \"${PODS_ROOT}/../Podfile.lock\" \"${PODS_ROOT}/Manifest.lock\" > /dev/null\nif [[ $? != 0 ]] ; then\n    cat << EOM\nerror: The sandbox is not in sync with the Podfile.lock. Run 'pod install' or update your CocoaPods installation.\nEOM\n    exit 1\nfi\n";
			showEnvVarsInLog = 0;
		};
		5BFE62F80471ED14271DD65A /* 📦 Embed Pods Frameworks */ = {
			isa = PBXShellScriptBuildPhase;
			buildActionMask = 2147483647;
			files = (
			);
			inputPaths = (
			);
			name = "📦 Embed Pods Frameworks";
			outputPaths = (
			);
			runOnlyForDeploymentPostprocessing = 0;
			shellPath = /bin/sh;
			shellScript = "\"${SRCROOT}/Pods/Target Support Files/Pods-TutorMeTests/Pods-TutorMeTests-frameworks.sh\"\n";
			showEnvVarsInLog = 0;
		};
		8F82ABFF9611E28A4601195B /* 📦 Copy Pods Resources */ = {
			isa = PBXShellScriptBuildPhase;
			buildActionMask = 2147483647;
			files = (
			);
			inputPaths = (
			);
			name = "📦 Copy Pods Resources";
			outputPaths = (
			);
			runOnlyForDeploymentPostprocessing = 0;
			shellPath = /bin/sh;
			shellScript = "\"${SRCROOT}/Pods/Target Support Files/Pods-TutorMeUITests/Pods-TutorMeUITests-resources.sh\"\n";
			showEnvVarsInLog = 0;
		};
		95CDD195CB230A388CC228DD /* 📦 Check Pods Manifest.lock */ = {
			isa = PBXShellScriptBuildPhase;
			buildActionMask = 2147483647;
			files = (
			);
			inputPaths = (
			);
			name = "📦 Check Pods Manifest.lock";
			outputPaths = (
			);
			runOnlyForDeploymentPostprocessing = 0;
			shellPath = /bin/sh;
			shellScript = "diff \"${PODS_ROOT}/../Podfile.lock\" \"${PODS_ROOT}/Manifest.lock\" > /dev/null\nif [[ $? != 0 ]] ; then\n    cat << EOM\nerror: The sandbox is not in sync with the Podfile.lock. Run 'pod install' or update your CocoaPods installation.\nEOM\n    exit 1\nfi\n";
			showEnvVarsInLog = 0;
		};
		99E49DE7982C243DE5295B1D /* 📦 Copy Pods Resources */ = {
			isa = PBXShellScriptBuildPhase;
			buildActionMask = 2147483647;
			files = (
			);
			inputPaths = (
			);
			name = "📦 Copy Pods Resources";
			outputPaths = (
			);
			runOnlyForDeploymentPostprocessing = 0;
			shellPath = /bin/sh;
			shellScript = "\"${SRCROOT}/Pods/Target Support Files/Pods-TutorMeTests/Pods-TutorMeTests-resources.sh\"\n";
			showEnvVarsInLog = 0;
		};
		99F1284AE7D11D75BADAC2E6 /* 📦 Copy Pods Resources */ = {
			isa = PBXShellScriptBuildPhase;
			buildActionMask = 2147483647;
			files = (
			);
			inputPaths = (
			);
			name = "📦 Copy Pods Resources";
			outputPaths = (
			);
			runOnlyForDeploymentPostprocessing = 0;
			shellPath = /bin/sh;
			shellScript = "\"${SRCROOT}/Pods/Target Support Files/Pods-TutorMe/Pods-TutorMe-resources.sh\"\n";
			showEnvVarsInLog = 0;
		};
		9BAFE66B4B567E397294C91C /* 📦 Check Pods Manifest.lock */ = {
			isa = PBXShellScriptBuildPhase;
			buildActionMask = 2147483647;
			files = (
			);
			inputPaths = (
			);
			name = "📦 Check Pods Manifest.lock";
			outputPaths = (
			);
			runOnlyForDeploymentPostprocessing = 0;
			shellPath = /bin/sh;
			shellScript = "diff \"${PODS_ROOT}/../Podfile.lock\" \"${PODS_ROOT}/Manifest.lock\" > /dev/null\nif [[ $? != 0 ]] ; then\n    cat << EOM\nerror: The sandbox is not in sync with the Podfile.lock. Run 'pod install' or update your CocoaPods installation.\nEOM\n    exit 1\nfi\n";
			showEnvVarsInLog = 0;
		};
		A4F2673867C4D33A65F2C855 /* 📦 Embed Pods Frameworks */ = {
			isa = PBXShellScriptBuildPhase;
			buildActionMask = 2147483647;
			files = (
			);
			inputPaths = (
			);
			name = "📦 Embed Pods Frameworks";
			outputPaths = (
			);
			runOnlyForDeploymentPostprocessing = 0;
			shellPath = /bin/sh;
			shellScript = "\"${SRCROOT}/Pods/Target Support Files/Pods-TutorMe/Pods-TutorMe-frameworks.sh\"\n";
			showEnvVarsInLog = 0;
		};
/* End PBXShellScriptBuildPhase section */

/* Begin PBXSourcesBuildPhase section */
		2B0EBFE51C84E38500243EC6 /* Sources */ = {
			isa = PBXSourcesBuildPhase;
			buildActionMask = 2147483647;
			files = (
				2B07FB331C8EA42F006077ED /* TuteeViewController.swift in Sources */,
				2B07FB311C8E1BCE006077ED /* TutorViewController.swift in Sources */,
				2BFC31821CE50E4A00581385 /* TJTextField.swift in Sources */,
				2B0EBFEF1C84E38500243EC6 /* ViewController.swift in Sources */,
				2BFC318E1CE52DF000581385 /* addSessionViewController.swift in Sources */,
				2BC866781CE3DC7A00054843 /* TutorCalendarViewController.swift in Sources */,
				2B076B3C1C858B7F001BCB17 /* SwiftyJSON.swift in Sources */,
				2BFEBFA11CA24E8C004943CF /* CalendarTutorViewController.swift in Sources */,
				2B0EBFED1C84E38500243EC6 /* AppDelegate.swift in Sources */,
				2B9EAF731CE04B0700E7B0C9 /* SearchViewController.swift in Sources */,
				2BC866761CE2EBF500054843 /* mySessionsViewController.swift in Sources */,
				2B0B7D1A1C92B27B00BB2BCC /* signUpController.swift in Sources */,
				2BFEBF5B1CA1C88D004943CF /* Global.swift in Sources */,
			);
			runOnlyForDeploymentPostprocessing = 0;
		};
		2B0EBFF91C84E38500243EC6 /* Sources */ = {
			isa = PBXSourcesBuildPhase;
			buildActionMask = 2147483647;
			files = (
				2B0EC0021C84E38500243EC6 /* TutorMeTests.swift in Sources */,
			);
			runOnlyForDeploymentPostprocessing = 0;
		};
		2B0EC0041C84E38500243EC6 /* Sources */ = {
			isa = PBXSourcesBuildPhase;
			buildActionMask = 2147483647;
			files = (
				2B0EC00D1C84E38500243EC6 /* TutorMeUITests.swift in Sources */,
			);
			runOnlyForDeploymentPostprocessing = 0;
		};
/* End PBXSourcesBuildPhase section */

/* Begin PBXTargetDependency section */
		2B0EBFFF1C84E38500243EC6 /* PBXTargetDependency */ = {
			isa = PBXTargetDependency;
			target = 2B0EBFE81C84E38500243EC6 /* TutorMe */;
			targetProxy = 2B0EBFFE1C84E38500243EC6 /* PBXContainerItemProxy */;
		};
		2B0EC00A1C84E38500243EC6 /* PBXTargetDependency */ = {
			isa = PBXTargetDependency;
			target = 2B0EBFE81C84E38500243EC6 /* TutorMe */;
			targetProxy = 2B0EC0091C84E38500243EC6 /* PBXContainerItemProxy */;
		};
/* End PBXTargetDependency section */

/* Begin PBXVariantGroup section */
		2B0EBFF01C84E38500243EC6 /* Main.storyboard */ = {
			isa = PBXVariantGroup;
			children = (
				2B0EBFF11C84E38500243EC6 /* Base */,
			);
			name = Main.storyboard;
			sourceTree = "<group>";
		};
		2B0EBFF51C84E38500243EC6 /* LaunchScreen.storyboard */ = {
			isa = PBXVariantGroup;
			children = (
				2B0EBFF61C84E38500243EC6 /* Base */,
			);
			name = LaunchScreen.storyboard;
			sourceTree = "<group>";
		};
/* End PBXVariantGroup section */

/* Begin XCBuildConfiguration section */
		2B0EC00F1C84E38500243EC6 /* Debug */ = {
			isa = XCBuildConfiguration;
			buildSettings = {
				ALWAYS_SEARCH_USER_PATHS = NO;
				CLANG_CXX_LANGUAGE_STANDARD = "gnu++0x";
				CLANG_CXX_LIBRARY = "libc++";
				CLANG_ENABLE_MODULES = YES;
				CLANG_ENABLE_OBJC_ARC = YES;
				CLANG_WARN_BOOL_CONVERSION = YES;
				CLANG_WARN_CONSTANT_CONVERSION = YES;
				CLANG_WARN_DIRECT_OBJC_ISA_USAGE = YES_ERROR;
				CLANG_WARN_EMPTY_BODY = YES;
				CLANG_WARN_ENUM_CONVERSION = YES;
				CLANG_WARN_INT_CONVERSION = YES;
				CLANG_WARN_OBJC_ROOT_CLASS = YES_ERROR;
				CLANG_WARN_UNREACHABLE_CODE = YES;
				CLANG_WARN__DUPLICATE_METHOD_MATCH = YES;
				"CODE_SIGN_IDENTITY[sdk=iphoneos*]" = "iPhone Developer";
				COPY_PHASE_STRIP = NO;
				DEBUG_INFORMATION_FORMAT = dwarf;
				ENABLE_STRICT_OBJC_MSGSEND = YES;
				ENABLE_TESTABILITY = YES;
				GCC_C_LANGUAGE_STANDARD = gnu99;
				GCC_DYNAMIC_NO_PIC = NO;
				GCC_NO_COMMON_BLOCKS = YES;
				GCC_OPTIMIZATION_LEVEL = 0;
				GCC_PREPROCESSOR_DEFINITIONS = (
					"DEBUG=1",
					"$(inherited)",
				);
				GCC_WARN_64_TO_32_BIT_CONVERSION = YES;
				GCC_WARN_ABOUT_RETURN_TYPE = YES_ERROR;
				GCC_WARN_UNDECLARED_SELECTOR = YES;
				GCC_WARN_UNINITIALIZED_AUTOS = YES_AGGRESSIVE;
				GCC_WARN_UNUSED_FUNCTION = YES;
				GCC_WARN_UNUSED_VARIABLE = YES;
				IPHONEOS_DEPLOYMENT_TARGET = 9.1;
				MTL_ENABLE_DEBUG_INFO = YES;
				ONLY_ACTIVE_ARCH = YES;
				SDKROOT = iphoneos;
				SWIFT_OPTIMIZATION_LEVEL = "-Onone";
			};
			name = Debug;
		};
		2B0EC0101C84E38500243EC6 /* Release */ = {
			isa = XCBuildConfiguration;
			buildSettings = {
				ALWAYS_SEARCH_USER_PATHS = NO;
				CLANG_CXX_LANGUAGE_STANDARD = "gnu++0x";
				CLANG_CXX_LIBRARY = "libc++";
				CLANG_ENABLE_MODULES = YES;
				CLANG_ENABLE_OBJC_ARC = YES;
				CLANG_WARN_BOOL_CONVERSION = YES;
				CLANG_WARN_CONSTANT_CONVERSION = YES;
				CLANG_WARN_DIRECT_OBJC_ISA_USAGE = YES_ERROR;
				CLANG_WARN_EMPTY_BODY = YES;
				CLANG_WARN_ENUM_CONVERSION = YES;
				CLANG_WARN_INT_CONVERSION = YES;
				CLANG_WARN_OBJC_ROOT_CLASS = YES_ERROR;
				CLANG_WARN_UNREACHABLE_CODE = YES;
				CLANG_WARN__DUPLICATE_METHOD_MATCH = YES;
				"CODE_SIGN_IDENTITY[sdk=iphoneos*]" = "iPhone Developer";
				COPY_PHASE_STRIP = NO;
				DEBUG_INFORMATION_FORMAT = "dwarf-with-dsym";
				ENABLE_NS_ASSERTIONS = NO;
				ENABLE_STRICT_OBJC_MSGSEND = YES;
				GCC_C_LANGUAGE_STANDARD = gnu99;
				GCC_NO_COMMON_BLOCKS = YES;
				GCC_WARN_64_TO_32_BIT_CONVERSION = YES;
				GCC_WARN_ABOUT_RETURN_TYPE = YES_ERROR;
				GCC_WARN_UNDECLARED_SELECTOR = YES;
				GCC_WARN_UNINITIALIZED_AUTOS = YES_AGGRESSIVE;
				GCC_WARN_UNUSED_FUNCTION = YES;
				GCC_WARN_UNUSED_VARIABLE = YES;
				IPHONEOS_DEPLOYMENT_TARGET = 9.1;
				MTL_ENABLE_DEBUG_INFO = NO;
				SDKROOT = iphoneos;
				VALIDATE_PRODUCT = YES;
			};
			name = Release;
		};
		2B0EC0121C84E38500243EC6 /* Debug */ = {
			isa = XCBuildConfiguration;
			baseConfigurationReference = E7F4B8F901CFD31401352490 /* Pods-TutorMe.debug.xcconfig */;
			buildSettings = {
				ASSETCATALOG_COMPILER_APPICON_NAME = AppIcon;
				CLANG_ENABLE_MODULES = YES;
				INFOPLIST_FILE = TutorMe/Info.plist;
				LD_RUNPATH_SEARCH_PATHS = "$(inherited) @executable_path/Frameworks";
				PRODUCT_BUNDLE_IDENTIFIER = mlizama.TutorMe;
				PRODUCT_NAME = "$(TARGET_NAME)";
				SWIFT_OBJC_BRIDGING_HEADER = "TutorMe/TutorMe-Bridging-Header.h";
				SWIFT_OPTIMIZATION_LEVEL = "-Onone";
			};
			name = Debug;
		};
		2B0EC0131C84E38500243EC6 /* Release */ = {
			isa = XCBuildConfiguration;
			baseConfigurationReference = 508EF03078BE43EC59EAF54F /* Pods-TutorMe.release.xcconfig */;
			buildSettings = {
				ASSETCATALOG_COMPILER_APPICON_NAME = AppIcon;
				CLANG_ENABLE_MODULES = YES;
				INFOPLIST_FILE = TutorMe/Info.plist;
				LD_RUNPATH_SEARCH_PATHS = "$(inherited) @executable_path/Frameworks";
				PRODUCT_BUNDLE_IDENTIFIER = mlizama.TutorMe;
				PRODUCT_NAME = "$(TARGET_NAME)";
				SWIFT_OBJC_BRIDGING_HEADER = "TutorMe/TutorMe-Bridging-Header.h";
			};
			name = Release;
		};
		2B0EC0151C84E38500243EC6 /* Debug */ = {
			isa = XCBuildConfiguration;
			baseConfigurationReference = F7E209FBA6C713831B1DDE98 /* Pods-TutorMeTests.debug.xcconfig */;
			buildSettings = {
				BUNDLE_LOADER = "$(TEST_HOST)";
				INFOPLIST_FILE = TutorMeTests/Info.plist;
				LD_RUNPATH_SEARCH_PATHS = "$(inherited) @executable_path/Frameworks @loader_path/Frameworks";
				PRODUCT_BUNDLE_IDENTIFIER = mlizama.TutorMeTests;
				PRODUCT_NAME = "$(TARGET_NAME)";
				TEST_HOST = "$(BUILT_PRODUCTS_DIR)/TutorMe.app/TutorMe";
			};
			name = Debug;
		};
		2B0EC0161C84E38500243EC6 /* Release */ = {
			isa = XCBuildConfiguration;
			baseConfigurationReference = 043ADB85F6939BA711176077 /* Pods-TutorMeTests.release.xcconfig */;
			buildSettings = {
				BUNDLE_LOADER = "$(TEST_HOST)";
				INFOPLIST_FILE = TutorMeTests/Info.plist;
				LD_RUNPATH_SEARCH_PATHS = "$(inherited) @executable_path/Frameworks @loader_path/Frameworks";
				PRODUCT_BUNDLE_IDENTIFIER = mlizama.TutorMeTests;
				PRODUCT_NAME = "$(TARGET_NAME)";
				TEST_HOST = "$(BUILT_PRODUCTS_DIR)/TutorMe.app/TutorMe";
			};
			name = Release;
		};
		2B0EC0181C84E38500243EC6 /* Debug */ = {
			isa = XCBuildConfiguration;
			baseConfigurationReference = 9E49615AE270E7512DEFAE38 /* Pods-TutorMeUITests.debug.xcconfig */;
			buildSettings = {
				INFOPLIST_FILE = TutorMeUITests/Info.plist;
				LD_RUNPATH_SEARCH_PATHS = "$(inherited) @executable_path/Frameworks @loader_path/Frameworks";
				PRODUCT_BUNDLE_IDENTIFIER = mlizama.TutorMeUITests;
				PRODUCT_NAME = "$(TARGET_NAME)";
				TEST_TARGET_NAME = TutorMe;
				USES_XCTRUNNER = YES;
			};
			name = Debug;
		};
		2B0EC0191C84E38500243EC6 /* Release */ = {
			isa = XCBuildConfiguration;
			baseConfigurationReference = 7D76E004FAF6C46AFDA06E1A /* Pods-TutorMeUITests.release.xcconfig */;
			buildSettings = {
				INFOPLIST_FILE = TutorMeUITests/Info.plist;
				LD_RUNPATH_SEARCH_PATHS = "$(inherited) @executable_path/Frameworks @loader_path/Frameworks";
				PRODUCT_BUNDLE_IDENTIFIER = mlizama.TutorMeUITests;
				PRODUCT_NAME = "$(TARGET_NAME)";
				TEST_TARGET_NAME = TutorMe;
				USES_XCTRUNNER = YES;
			};
			name = Release;
		};
/* End XCBuildConfiguration section */

/* Begin XCConfigurationList section */
		2B0EBFE41C84E38500243EC6 /* Build configuration list for PBXProject "TutorMe" */ = {
			isa = XCConfigurationList;
			buildConfigurations = (
				2B0EC00F1C84E38500243EC6 /* Debug */,
				2B0EC0101C84E38500243EC6 /* Release */,
			);
			defaultConfigurationIsVisible = 0;
			defaultConfigurationName = Release;
		};
		2B0EC0111C84E38500243EC6 /* Build configuration list for PBXNativeTarget "TutorMe" */ = {
			isa = XCConfigurationList;
			buildConfigurations = (
				2B0EC0121C84E38500243EC6 /* Debug */,
				2B0EC0131C84E38500243EC6 /* Release */,
			);
			defaultConfigurationIsVisible = 0;
			defaultConfigurationName = Release;
		};
		2B0EC0141C84E38500243EC6 /* Build configuration list for PBXNativeTarget "TutorMeTests" */ = {
			isa = XCConfigurationList;
			buildConfigurations = (
				2B0EC0151C84E38500243EC6 /* Debug */,
				2B0EC0161C84E38500243EC6 /* Release */,
			);
			defaultConfigurationIsVisible = 0;
			defaultConfigurationName = Release;
		};
		2B0EC0171C84E38500243EC6 /* Build configuration list for PBXNativeTarget "TutorMeUITests" */ = {
			isa = XCConfigurationList;
			buildConfigurations = (
				2B0EC0181C84E38500243EC6 /* Debug */,
				2B0EC0191C84E38500243EC6 /* Release */,
			);
			defaultConfigurationIsVisible = 0;
			defaultConfigurationName = Release;
		};
/* End XCConfigurationList section */
	};
	rootObject = 2B0EBFE11C84E38500243EC6 /* Project object */;
}
